PODS:
  - Flutter (1.0.0)
  - shared_preferences_foundation (0.0.1):
    - Flutter
    - FlutterMacOS
  - tiara_nxt_nconnect (0.0.1):
    - Flutter

DEPENDENCIES:
  - Flutter (from `Flutter`)
  - shared_preferences_foundation (from `.symlinks/plugins/shared_preferences_foundation/ios`)
  - tiara_nxt_nconnect (from `.symlinks/plugins/tiara_nxt_nconnect/ios`)

EXTERNAL SOURCES:
  Flutter:
    :path: Flutter
  shared_preferences_foundation:
    :path: ".symlinks/plugins/shared_preferences_foundation/ios"
  tiara_nxt_nconnect:
    :path: ".symlinks/plugins/tiara_nxt_nconnect/ios"

SPEC CHECKSUMS:
  Flutter: f04841e97a9d0b0a8025694d0796dd46242b2854
  shared_preferences_foundation: 986fc17f3d3251412d18b0265f9c64113a8c2472
  tiara_nxt_nconnect: 4f70aa19f14718b50596147b4840ae07f4fde4ed

PODFILE CHECKSUM: cc1f88378b4bfcf93a6ce00d2c587857c6008d3b

COCOAPODS: 1.11.3
